
Microsoft Visual Studio Solution File, Format Version 12.00
# Visual Studio 15
VisualStudioVersion = 15.0.28307.421
MinimumVisualStudioVersion = 10.0.40219.1
Project("{FAE04EC0-301F-11D3-BF4B-00C04F79EFBC}") = "iTunesGoogleHome", "iTunesGoogleHome\iTunesGoogleHome.csproj", "{4AD4F443-6D6E-4D1A-9E9E-2A598E9AFC34}"
EndProject
Project("{FAE04EC0-301F-11D3-BF4B-00C04F79EFBC}") = "PushbulletSharp", "Libraries\PushbulletSharp\PushbulletSharp\PushbulletSharp.csproj", "{459FDFF0-D68E-49AE-961F-0912916B78AB}"
EndProject
Project("{FAE04EC0-301F-11D3-BF4B-00C04F79EFBC}") = "websocket-sharp", "Libraries\websocket-sharp\websocket-sharp\websocket-sharp.csproj", "{B357BAC7-529E-4D81-A0D2-71041B19C8DE}"
EndProject
Project("{FAE04EC0-301F-11D3-BF4B-00C04F79EFBC}") = "SamSeifert.Utilities", "Libraries\SamSeifert.Utilities\SamSeifert.Utilities.csproj", "{A9446CBE-818F-45F6-8894-068693DA47CA}"
EndProject
Project("{54435603-DBB4-11D2-8724-00A0C9A8B90C}") = "iTunesGoogleHomeSetup", "iTunesGoogleHomeSetup\iTunesGoogleHomeSetup.vdproj", "{B1455893-B6E7-424D-A71D-AF2F2D7BEFE6}"
EndProject
Global
	GlobalSection(SolutionConfigurationPlatforms) = preSolution
		Debug_Ubuntu|Any CPU = Debug_Ubuntu|Any CPU
		Debug|Any CPU = Debug|Any CPU
		Release_Ubuntu|Any CPU = Release_Ubuntu|Any CPU
		Release|Any CPU = Release|Any CPU
	EndGlobalSection
	GlobalSection(ProjectConfigurationPlatforms) = postSolution
		{4AD4F443-6D6E-4D1A-9E9E-2A598E9AFC34}.Debug_Ubuntu|Any CPU.ActiveCfg = Debug|Any CPU
		{4AD4F443-6D6E-4D1A-9E9E-2A598E9AFC34}.Debug_Ubuntu|Any CPU.Build.0 = Debug|Any CPU
		{4AD4F443-6D6E-4D1A-9E9E-2A598E9AFC34}.Debug|Any CPU.ActiveCfg = Debug|Any CPU
		{4AD4F443-6D6E-4D1A-9E9E-2A598E9AFC34}.Debug|Any CPU.Build.0 = Debug|Any CPU
		{4AD4F443-6D6E-4D1A-9E9E-2A598E9AFC34}.Release_Ubuntu|Any CPU.ActiveCfg = Release|Any CPU
		{4AD4F443-6D6E-4D1A-9E9E-2A598E9AFC34}.Release_Ubuntu|Any CPU.Build.0 = Release|Any CPU
		{4AD4F443-6D6E-4D1A-9E9E-2A598E9AFC34}.Release|Any CPU.ActiveCfg = Release|Any CPU
		{4AD4F443-6D6E-4D1A-9E9E-2A598E9AFC34}.Release|Any CPU.Build.0 = Release|Any CPU
		{459FDFF0-D68E-49AE-961F-0912916B78AB}.Debug_Ubuntu|Any CPU.ActiveCfg = Debug|Any CPU
		{459FDFF0-D68E-49AE-961F-0912916B78AB}.Debug_Ubuntu|Any CPU.Build.0 = Debug|Any CPU
		{459FDFF0-D68E-49AE-961F-0912916B78AB}.Debug|Any CPU.ActiveCfg = Debug|Any CPU
		{459FDFF0-D68E-49AE-961F-0912916B78AB}.Debug|Any CPU.Build.0 = Debug|Any CPU
		{459FDFF0-D68E-49AE-961F-0912916B78AB}.Release_Ubuntu|Any CPU.ActiveCfg = Release|Any CPU
		{459FDFF0-D68E-49AE-961F-0912916B78AB}.Release_Ubuntu|Any CPU.Build.0 = Release|Any CPU
		{459FDFF0-D68E-49AE-961F-0912916B78AB}.Release|Any CPU.ActiveCfg = Release|Any CPU
		{459FDFF0-D68E-49AE-961F-0912916B78AB}.Release|Any CPU.Build.0 = Release|Any CPU
		{B357BAC7-529E-4D81-A0D2-71041B19C8DE}.Debug_Ubuntu|Any CPU.ActiveCfg = Debug_Ubuntu|Any CPU
		{B357BAC7-529E-4D81-A0D2-71041B19C8DE}.Debug_Ubuntu|Any CPU.Build.0 = Debug_Ubuntu|Any CPU
		{B357BAC7-529E-4D81-A0D2-71041B19C8DE}.Debug|Any CPU.ActiveCfg = Debug|Any CPU
		{B357BAC7-529E-4D81-A0D2-71041B19C8DE}.Debug|Any CPU.Build.0 = Debug|Any CPU
		{B357BAC7-529E-4D81-A0D2-71041B19C8DE}.Release_Ubuntu|Any CPU.ActiveCfg = Release_Ubuntu|Any CPU
		{B357BAC7-529E-4D81-A0D2-71041B19C8DE}.Release_Ubuntu|Any CPU.Build.0 = Release_Ubuntu|Any CPU
		{B357BAC7-529E-4D81-A0D2-71041B19C8DE}.Release|Any CPU.ActiveCfg = Release|Any CPU
		{B357BAC7-529E-4D81-A0D2-71041B19C8DE}.Release|Any CPU.Build.0 = Release|Any CPU
		{A9446CBE-818F-45F6-8894-068693DA47CA}.Debug_Ubuntu|Any CPU.ActiveCfg = Debug|Any CPU
		{A9446CBE-818F-45F6-8894-068693DA47CA}.Debug_Ubuntu|Any CPU.Build.0 = Debug|Any CPU
		{A9446CBE-818F-45F6-8894-068693DA47CA}.Debug|Any CPU.ActiveCfg = Debug|Any CPU
		{A9446CBE-818F-45F6-8894-068693DA47CA}.Debug|Any CPU.Build.0 = Debug|Any CPU
		{A9446CBE-818F-45F6-8894-068693DA47CA}.Release_Ubuntu|Any CPU.ActiveCfg = Release|Any CPU
		{A9446CBE-818F-45F6-8894-068693DA47CA}.Release_Ubuntu|Any CPU.Build.0 = Release|Any CPU
		{A9446CBE-818F-45F6-8894-068693DA47CA}.Release|Any CPU.ActiveCfg = Release|Any CPU
		{A9446CBE-818F-45F6-8894-068693DA47CA}.Release|Any CPU.Build.0 = Release|Any CPU
		{B1455893-B6E7-424D-A71D-AF2F2D7BEFE6}.Debug_Ubuntu|Any CPU.ActiveCfg = Debug
		{B1455893-B6E7-424D-A71D-AF2F2D7BEFE6}.Debug_Ubuntu|Any CPU.Build.0 = Debug
		{B1455893-B6E7-424D-A71D-AF2F2D7BEFE6}.Debug|Any CPU.ActiveCfg = Debug
		{B1455893-B6E7-424D-A71D-AF2F2D7BEFE6}.Debug|Any CPU.Build.0 = Debug
		{B1455893-B6E7-424D-A71D-AF2F2D7BEFE6}.Release_Ubuntu|Any CPU.ActiveCfg = Release
		{B1455893-B6E7-424D-A71D-AF2F2D7BEFE6}.Release_Ubuntu|Any CPU.Build.0 = Release
		{B1455893-B6E7-424D-A71D-AF2F2D7BEFE6}.Release|Any CPU.ActiveCfg = Release
		{B1455893-B6E7-424D-A71D-AF2F2D7BEFE6}.Release|Any CPU.Build.0 = Release
	EndGlobalSection
	GlobalSection(SolutionProperties) = preSolution
		HideSolutionNode = FALSE
	EndGlobalSection
	GlobalSection(ExtensibilityGlobals) = postSolution
		SolutionGuid = {CF40F203-01AF-4324-801F-AC07D88AD8DA}
	EndGlobalSection
EndGlobal
